
Microsoft Visual Studio Solution File, Format Version 12.00
# Visual Studio Version 17
VisualStudioVersion = 17.2.32630.192
MinimumVisualStudioVersion = 10.0.40219.1
Project("{9A19103F-16F7-4668-BE54-9A1E7A4F7556}") = "Topten.TinyC", "Topten.TinyC\Topten.TinyC.csproj", "{928087BE-443E-4DA9-A7AC-E14FEB3C7316}"
EndProject
Project("{9A19103F-16F7-4668-BE54-9A1E7A4F7556}") = "sandbox", "sandbox\sandbox.csproj", "{E9F371C7-038E-4D6E-BC50-2420C21CF9C1}"
EndProject
Project("{8BC9CEB8-8B4A-11D0-8D11-00A0C91BC942}") = "libtcc", "libtcc\libtcc.vcxproj", "{0DF3F31A-4C31-4ECD-80E6-5D30F651E243}"
EndProject
Project("{8BC9CEB8-8B4A-11D0-8D11-00A0C91BC942}") = "tcc", "tcc\tcc.vcxproj", "{22BBBC82-1BB1-4DC7-9615-0F4ADE2C6E6D}"
	ProjectSection(ProjectDependencies) = postProject
		{0DF3F31A-4C31-4ECD-80E6-5D30F651E243} = {0DF3F31A-4C31-4ECD-80E6-5D30F651E243}
	EndProjectSection
EndProject
Global
	GlobalSection(SolutionConfigurationPlatforms) = preSolution
		Debug|Any CPU = Debug|Any CPU
		Debug|x64 = Debug|x64
		Debug|x86 = Debug|x86
		Release|Any CPU = Release|Any CPU
		Release|x64 = Release|x64
		Release|x86 = Release|x86
	EndGlobalSection
	GlobalSection(ProjectConfigurationPlatforms) = postSolution
		{928087BE-443E-4DA9-A7AC-E14FEB3C7316}.Debug|Any CPU.ActiveCfg = Debug|Any CPU
		{928087BE-443E-4DA9-A7AC-E14FEB3C7316}.Debug|Any CPU.Build.0 = Debug|Any CPU
		{928087BE-443E-4DA9-A7AC-E14FEB3C7316}.Debug|x64.ActiveCfg = Debug|Any CPU
		{928087BE-443E-4DA9-A7AC-E14FEB3C7316}.Debug|x64.Build.0 = Debug|Any CPU
		{928087BE-443E-4DA9-A7AC-E14FEB3C7316}.Debug|x86.ActiveCfg = Debug|Any CPU
		{928087BE-443E-4DA9-A7AC-E14FEB3C7316}.Debug|x86.Build.0 = Debug|Any CPU
		{928087BE-443E-4DA9-A7AC-E14FEB3C7316}.Release|Any CPU.ActiveCfg = Release|Any CPU
		{928087BE-443E-4DA9-A7AC-E14FEB3C7316}.Release|Any CPU.Build.0 = Release|Any CPU
		{928087BE-443E-4DA9-A7AC-E14FEB3C7316}.Release|x64.ActiveCfg = Release|Any CPU
		{928087BE-443E-4DA9-A7AC-E14FEB3C7316}.Release|x64.Build.0 = Release|Any CPU
		{928087BE-443E-4DA9-A7AC-E14FEB3C7316}.Release|x86.ActiveCfg = Release|Any CPU
		{928087BE-443E-4DA9-A7AC-E14FEB3C7316}.Release|x86.Build.0 = Release|Any CPU
		{E9F371C7-038E-4D6E-BC50-2420C21CF9C1}.Debug|Any CPU.ActiveCfg = Debug|Any CPU
		{E9F371C7-038E-4D6E-BC50-2420C21CF9C1}.Debug|Any CPU.Build.0 = Debug|Any CPU
		{E9F371C7-038E-4D6E-BC50-2420C21CF9C1}.Debug|x64.ActiveCfg = Debug|Any CPU
		{E9F371C7-038E-4D6E-BC50-2420C21CF9C1}.Debug|x64.Build.0 = Debug|Any CPU
		{E9F371C7-038E-4D6E-BC50-2420C21CF9C1}.Debug|x86.ActiveCfg = Debug|Any CPU
		{E9F371C7-038E-4D6E-BC50-2420C21CF9C1}.Debug|x86.Build.0 = Debug|Any CPU
		{E9F371C7-038E-4D6E-BC50-2420C21CF9C1}.Release|Any CPU.ActiveCfg = Release|Any CPU
		{E9F371C7-038E-4D6E-BC50-2420C21CF9C1}.Release|Any CPU.Build.0 = Release|Any CPU
		{E9F371C7-038E-4D6E-BC50-2420C21CF9C1}.Release|x64.ActiveCfg = Release|Any CPU
		{E9F371C7-038E-4D6E-BC50-2420C21CF9C1}.Release|x64.Build.0 = Release|Any CPU
		{E9F371C7-038E-4D6E-BC50-2420C21CF9C1}.Release|x86.ActiveCfg = Release|Any CPU
		{E9F371C7-038E-4D6E-BC50-2420C21CF9C1}.Release|x86.Build.0 = Release|Any CPU
		{0DF3F31A-4C31-4ECD-80E6-5D30F651E243}.Debug|Any CPU.ActiveCfg = Debug|x64
		{0DF3F31A-4C31-4ECD-80E6-5D30F651E243}.Debug|Any CPU.Build.0 = Debug|x64
		{0DF3F31A-4C31-4ECD-80E6-5D30F651E243}.Debug|x64.ActiveCfg = Debug|x64
		{0DF3F31A-4C31-4ECD-80E6-5D30F651E243}.Debug|x64.Build.0 = Debug|x64
		{0DF3F31A-4C31-4ECD-80E6-5D30F651E243}.Debug|x86.ActiveCfg = Debug|Win32
		{0DF3F31A-4C31-4ECD-80E6-5D30F651E243}.Debug|x86.Build.0 = Debug|Win32
		{0DF3F31A-4C31-4ECD-80E6-5D30F651E243}.Release|Any CPU.ActiveCfg = Release|x64
		{0DF3F31A-4C31-4ECD-80E6-5D30F651E243}.Release|Any CPU.Build.0 = Release|x64
		{0DF3F31A-4C31-4ECD-80E6-5D30F651E243}.Release|x64.ActiveCfg = Release|x64
		{0DF3F31A-4C31-4ECD-80E6-5D30F651E243}.Release|x64.Build.0 = Release|x64
		{0DF3F31A-4C31-4ECD-80E6-5D30F651E243}.Release|x86.ActiveCfg = Release|Win32
		{0DF3F31A-4C31-4ECD-80E6-5D30F651E243}.Release|x86.Build.0 = Release|Win32
		{22BBBC82-1BB1-4DC7-9615-0F4ADE2C6E6D}.Debug|Any CPU.ActiveCfg = Debug|x64
		{22BBBC82-1BB1-4DC7-9615-0F4ADE2C6E6D}.Debug|Any CPU.Build.0 = Debug|x64
		{22BBBC82-1BB1-4DC7-9615-0F4ADE2C6E6D}.Debug|x64.ActiveCfg = Debug|x64
		{22BBBC82-1BB1-4DC7-9615-0F4ADE2C6E6D}.Debug|x64.Build.0 = Debug|x64
		{22BBBC82-1BB1-4DC7-9615-0F4ADE2C6E6D}.Debug|x86.ActiveCfg = Debug|Win32
		{22BBBC82-1BB1-4DC7-9615-0F4ADE2C6E6D}.Debug|x86.Build.0 = Debug|Win32
		{22BBBC82-1BB1-4DC7-9615-0F4ADE2C6E6D}.Release|Any CPU.ActiveCfg = Release|x64
		{22BBBC82-1BB1-4DC7-9615-0F4ADE2C6E6D}.Release|Any CPU.Build.0 = Release|x64
		{22BBBC82-1BB1-4DC7-9615-0F4ADE2C6E6D}.Release|x64.ActiveCfg = Release|x64
		{22BBBC82-1BB1-4DC7-9615-0F4ADE2C6E6D}.Release|x64.Build.0 = Release|x64
		{22BBBC82-1BB1-4DC7-9615-0F4ADE2C6E6D}.Release|x86.ActiveCfg = Release|Win32
		{22BBBC82-1BB1-4DC7-9615-0F4ADE2C6E6D}.Release|x86.Build.0 = Release|Win32
	EndGlobalSection
	GlobalSection(SolutionProperties) = preSolution
		HideSolutionNode = FALSE
	EndGlobalSection
	GlobalSection(ExtensibilityGlobals) = postSolution
		SolutionGuid = {38B60BD9-34EF-4FA8-A457-370B1035681F}
	EndGlobalSection
EndGlobal
